// !$*UTF8*$!
{
	archiveVersion = 1;
	classes = {
	};
	objectVersion = 51;
	objects = {

/* Begin PBXBuildFile section */
		77998BF929BD760C000018A3 /* AppDelegate.swift in Sources */ = {isa = PBXBuildFile; fileRef = 77998BF829BD760C000018A3 /* AppDelegate.swift */; };
		77998BFB29BD760C000018A3 /* SceneDelegate.swift in Sources */ = {isa = PBXBuildFile; fileRef = 77998BFA29BD760C000018A3 /* SceneDelegate.swift */; };
		77998BFD29BD760C000018A3 /* ViewController.swift in Sources */ = {isa = PBXBuildFile; fileRef = 77998BFC29BD760C000018A3 /* ViewController.swift */; };
		77998C0029BD760C000018A3 /* Main.storyboard in Resources */ = {isa = PBXBuildFile; fileRef = 77998BFE29BD760C000018A3 /* Main.storyboard */; };
		77998C0229BD760D000018A3 /* Assets.xcassets in Resources */ = {isa = PBXBuildFile; fileRef = 77998C0129BD760D000018A3 /* Assets.xcassets */; };
		77998C0529BD760D000018A3 /* LaunchScreen.storyboard in Resources */ = {isa = PBXBuildFile; fileRef = 77998C0329BD760D000018A3 /* LaunchScreen.storyboard */; };
		77C114BF29BD7A7D00996A97 /* MyCustomCell.swift in Sources */ = {isa = PBXBuildFile; fileRef = 77C114BE29BD7A7D00996A97 /* MyCustomCell.swift */; };
		C096E8100A18582279DE051A /* Pods_ProjectCocoapodsZero.framework in Frameworks */ = {isa = PBXBuildFile; fileRef = B1354C8DB67A10FE211CDDDD /* Pods_ProjectCocoapodsZero.framework */; };
/* End PBXBuildFile section */

/* Begin PBXFileReference section */
		3F63C01E4849F86B49489A58 /* Pods-ProjectCocoapodsZero.release.xcconfig */ = {isa = PBXFileReference; includeInIndex = 1; lastKnownFileType = text.xcconfig; name = "Pods-ProjectCocoapodsZero.release.xcconfig"; path = "Target Support Files/Pods-ProjectCocoapodsZero/Pods-ProjectCocoapodsZero.release.xcconfig"; sourceTree = "<group>"; };
		77998BF529BD760C000018A3 /* ProjectCocoapodsZero.app */ = {isa = PBXFileReference; explicitFileType = wrapper.application; includeInIndex = 0; path = ProjectCocoapodsZero.app; sourceTree = BUILT_PRODUCTS_DIR; };
		77998BF829BD760C000018A3 /* AppDelegate.swift */ = {isa = PBXFileReference; lastKnownFileType = sourcecode.swift; path = AppDelegate.swift; sourceTree = "<group>"; };
		77998BFA29BD760C000018A3 /* SceneDelegate.swift */ = {isa = PBXFileReference; lastKnownFileType = sourcecode.swift; path = SceneDelegate.swift; sourceTree = "<group>"; };
		77998BFC29BD760C000018A3 /* ViewController.swift */ = {isa = PBXFileReference; lastKnownFileType = sourcecode.swift; path = ViewController.swift; sourceTree = "<group>"; };
		77998BFF29BD760C000018A3 /* Base */ = {isa = PBXFileReference; lastKnownFileType = file.storyboard; name = Base; path = Base.lproj/Main.storyboard; sourceTree = "<group>"; };
		77998C0129BD760D000018A3 /* Assets.xcassets */ = {isa = PBXFileReference; lastKnownFileType = folder.assetcatalog; path = Assets.xcassets; sourceTree = "<group>"; };
		77998C0429BD760D000018A3 /* Base */ = {isa = PBXFileReference; lastKnownFileType = file.storyboard; name = Base; path = Base.lproj/LaunchScreen.storyboard; sourceTree = "<group>"; };
		77998C0629BD760D000018A3 /* Info.plist */ = {isa = PBXFileReference; lastKnownFileType = text.plist.xml; path = Info.plist; sourceTree = "<group>"; };
		77C114BE29BD7A7D00996A97 /* MyCustomCell.swift */ = {isa = PBXFileReference; lastKnownFileType = sourcecode.swift; path = MyCustomCell.swift; sourceTree = "<group>"; };
		95E3A7FEA7A1A1071F3FCB8D /* Pods-ProjectCocoapodsZero.debug.xcconfig */ = {isa = PBXFileReference; includeInIndex = 1; lastKnownFileType = text.xcconfig; name = "Pods-ProjectCocoapodsZero.debug.xcconfig"; path = "Target Support Files/Pods-ProjectCocoapodsZero/Pods-ProjectCocoapodsZero.debug.xcconfig"; sourceTree = "<group>"; };
		B1354C8DB67A10FE211CDDDD /* Pods_ProjectCocoapodsZero.framework */ = {isa = PBXFileReference; explicitFileType = wrapper.framework; includeInIndex = 0; path = Pods_ProjectCocoapodsZero.framework; sourceTree = BUILT_PRODUCTS_DIR; };
/* End PBXFileReference section */

/* Begin PBXFrameworksBuildPhase section */
		77998BF229BD760C000018A3 /* Frameworks */ = {
			isa = PBXFrameworksBuildPhase;
			buildActionMask = 2147483647;
			files = (
				C096E8100A18582279DE051A /* Pods_ProjectCocoapodsZero.framework in Frameworks */,
			);
			runOnlyForDeploymentPostprocessing = 0;
		};
/* End PBXFrameworksBuildPhase section */

/* Begin PBXGroup section */
		513DAFF214417C74908A0E66 /* Pods */ = {
			isa = PBXGroup;
			children = (
				95E3A7FEA7A1A1071F3FCB8D /* Pods-ProjectCocoapodsZero.debug.xcconfig */,
				3F63C01E4849F86B49489A58 /* Pods-ProjectCocoapodsZero.release.xcconfig */,
			);
			path = Pods;
			sourceTree = "<group>";
		};
		77998BEC29BD760C000018A3 = {
			isa = PBXGroup;
			children = (
				77998BF729BD760C000018A3 /* ProjectCocoapodsZero */,
				77998BF629BD760C000018A3 /* Products */,
				513DAFF214417C74908A0E66 /* Pods */,
				C71E0022B0D8AAFB3B317D10 /* Frameworks */,
			);
			sourceTree = "<group>";
		};
		77998BF629BD760C000018A3 /* Products */ = {
			isa = PBXGroup;
			children = (
				77998BF529BD760C000018A3 /* ProjectCocoapodsZero.app */,
			);
			name = Products;
			sourceTree = "<group>";
		};
		77998BF729BD760C000018A3 /* ProjectCocoapodsZero */ = {
			isa = PBXGroup;
			children = (
				77998BF829BD760C000018A3 /* AppDelegate.swift */,
				77998BFA29BD760C000018A3 /* SceneDelegate.swift */,
				77998BFC29BD760C000018A3 /* ViewController.swift */,
				77C114BE29BD7A7D00996A97 /* MyCustomCell.swift */,
				77998BFE29BD760C000018A3 /* Main.storyboard */,
				77998C0129BD760D000018A3 /* Assets.xcassets */,
				77998C0329BD760D000018A3 /* LaunchScreen.storyboard */,
				77998C0629BD760D000018A3 /* Info.plist */,
			);
			path = ProjectCocoapodsZero;
			sourceTree = "<group>";
		};
		C71E0022B0D8AAFB3B317D10 /* Frameworks */ = {
			isa = PBXGroup;
			children = (
				B1354C8DB67A10FE211CDDDD /* Pods_ProjectCocoapodsZero.framework */,
			);
			name = Frameworks;
			sourceTree = "<group>";
		};
/* End PBXGroup section */

/* Begin PBXNativeTarget section */
		77998BF429BD760C000018A3 /* ProjectCocoapodsZero */ = {
			isa = PBXNativeTarget;
			buildConfigurationList = 77998C0929BD760D000018A3 /* Build configuration list for PBXNativeTarget "ProjectCocoapodsZero" */;
			buildPhases = (
				C7CEF40936BCD963E9F799F2 /* [CP] Check Pods Manifest.lock */,
				77998BF129BD760C000018A3 /* Sources */,
				77998BF229BD760C000018A3 /* Frameworks */,
				77998BF329BD760C000018A3 /* Resources */,
				3D3F8363742540F9360741D3 /* [CP] Embed Pods Frameworks */,
			);
			buildRules = (
			);
			dependencies = (
			);
			name = ProjectCocoapodsZero;
			productName = ProjectCocoapodsZero;
			productReference = 77998BF529BD760C000018A3 /* ProjectCocoapodsZero.app */;
			productType = "com.apple.product-type.application";
		};
/* End PBXNativeTarget section */

/* Begin PBXProject section */
		77998BED29BD760C000018A3 /* Project object */ = {
			isa = PBXProject;
			attributes = {
				LastSwiftUpdateCheck = 1250;
				LastUpgradeCheck = 1250;
				TargetAttributes = {
					77998BF429BD760C000018A3 = {
						CreatedOnToolsVersion = 12.5.1;
					};
				};
			};
			buildConfigurationList = 77998BF029BD760C000018A3 /* Build configuration list for PBXProject "ProjectCocoapodsZero" */;
			compatibilityVersion = "Xcode 9.3";
			developmentRegion = en;
			hasScannedForEncodings = 0;
			knownRegions = (
				en,
				Base,
			);
			mainGroup = 77998BEC29BD760C000018A3;
			productRefGroup = 77998BF629BD760C000018A3 /* Products */;
			projectDirPath = "";
			projectRoot = "";
			targets = (
				77998BF429BD760C000018A3 /* ProjectCocoapodsZero */,
			);
		};
/* End PBXProject section */

/* Begin PBXResourcesBuildPhase section */
		77998BF329BD760C000018A3 /* Resources */ = {
			isa = PBXResourcesBuildPhase;
			buildActionMask = 2147483647;
			files = (
				77998C0529BD760D000018A3 /* LaunchScreen.storyboard in Resources */,
				77998C0229BD760D000018A3 /* Assets.xcassets in Resources */,
				77998C0029BD760C000018A3 /* Main.storyboard in Resources */,
			);
			runOnlyForDeploymentPostprocessing = 0;
		};
/* End PBXResourcesBuildPhase section */

/* Begin PBXShellScriptBuildPhase section */
		3D3F8363742540F9360741D3 /* [CP] Embed Pods Frameworks */ = {
			isa = PBXShellScriptBuildPhase;
			buildActionMask = 2147483647;
			files = (
			);
			inputFileListPaths = (
				"${PODS_ROOT}/Target Support Files/Pods-ProjectCocoapodsZero/Pods-ProjectCocoapodsZero-frameworks-${CONFIGURATION}-input-files.xcfilelist",
			);
			name = "[CP] Embed Pods Frameworks";
			outputFileListPaths = (
				"${PODS_ROOT}/Target Support Files/Pods-ProjectCocoapodsZero/Pods-ProjectCocoapodsZero-frameworks-${CONFIGURATION}-output-files.xcfilelist",
			);
			runOnlyForDeploymentPostprocessing = 0;
			shellPath = /bin/sh;
			shellScript = "\"${PODS_ROOT}/Target Support Files/Pods-ProjectCocoapodsZero/Pods-ProjectCocoapodsZero-frameworks.sh\"\n";
			showEnvVarsInLog = 0;
		};
		C7CEF40936BCD963E9F799F2 /* [CP] Check Pods Manifest.lock */ = {
			isa = PBXShellScriptBuildPhase;
			buildActionMask = 2147483647;
			files = (
			);
			inputFileListPaths = (
			);
			inputPaths = (
				"${PODS_PODFILE_DIR_PATH}/Podfile.lock",
				"${PODS_ROOT}/Manifest.lock",
			);
			name = "[CP] Check Pods Manifest.lock";
			outputFileListPaths = (
			);
			outputPaths = (
				"$(DERIVED_FILE_DIR)/Pods-ProjectCocoapodsZero-checkManifestLockResult.txt",
			);
			runOnlyForDeploymentPostprocessing = 0;
			shellPath = /bin/sh;
			shellScript = "diff \"${PODS_PODFILE_DIR_PATH}/Podfile.lock\" \"${PODS_ROOT}/Manifest.lock\" > /dev/null\nif [ $? != 0 ] ; then\n    # print error to STDERR\n    echo \"error: The sandbox is not in sync with the Podfile.lock. Run 'pod install' or update your CocoaPods installation.\" >&2\n    exit 1\nfi\n# This output is used by Xcode 'outputs' to avoid re-running this script phase.\necho \"SUCCESS\" > \"${SCRIPT_OUTPUT_FILE_0}\"\n";
			showEnvVarsInLog = 0;
		};
/* End PBXShellScriptBuildPhase section */

/* Begin PBXSourcesBuildPhase section */
		77998BF129BD760C000018A3 /* Sources */ = {
			isa = PBXSourcesBuildPhase;
			buildActionMask = 2147483647;
			files = (
				77998BFD29BD760C000018A3 /* ViewController.swift in Sources */,
				77998BF929BD760C000018A3 /* AppDelegate.swift in Sources */,
				77C114BF29BD7A7D00996A97 /* MyCustomCell.swift in Sources */,
				77998BFB29BD760C000018A3 /* SceneDelegate.swift in Sources */,
			);
			runOnlyForDeploymentPostprocessing = 0;
		};
/* End PBXSourcesBuildPhase section */

/* Begin PBXVariantGroup section */
		77998BFE29BD760C000018A3 /* Main.storyboard */ = {
			isa = PBXVariantGroup;
			children = (
				77998BFF29BD760C000018A3 /* Base */,
			);
			name = Main.storyboard;
			sourceTree = "<group>";
		};
		77998C0329BD760D000018A3 /* LaunchScreen.storyboard */ = {
			isa = PBXVariantGroup;
			children = (
				77998C0429BD760D000018A3 /* Base */,
			);
			name = LaunchScreen.storyboard;
			sourceTree = "<group>";
		};
/* End PBXVariantGroup section */

/* Begin XCBuildConfiguration section */
		77998C0729BD760D000018A3 /* Debug */ = {
			isa = XCBuildConfiguration;
			buildSettings = {
				ALWAYS_SEARCH_USER_PATHS = NO;
				CLANG_ANALYZER_NONNULL = YES;
				CLANG_ANALYZER_NUMBER_OBJECT_CONVERSION = YES_AGGRESSIVE;
				CLANG_CXX_LANGUAGE_STANDARD = "gnu++14";
				CLANG_CXX_LIBRARY = "libc++";
				CLANG_ENABLE_MODULES = YES;
				CLANG_ENABLE_OBJC_ARC = YES;
				CLANG_ENABLE_OBJC_WEAK = YES;
				CLANG_WARN_BLOCK_CAPTURE_AUTORELEASING = YES;
				CLANG_WARN_BOOL_CONVERSION = YES;
				CLANG_WARN_COMMA = YES;
				CLANG_WARN_CONSTANT_CONVERSION = YES;
				CLANG_WARN_DEPRECATED_OBJC_IMPLEMENTATIONS = YES;
				CLANG_WARN_DIRECT_OBJC_ISA_USAGE = YES_ERROR;
				CLANG_WARN_DOCUMENTATION_COMMENTS = YES;
				CLANG_WARN_EMPTY_BODY = YES;
				CLANG_WARN_ENUM_CONVERSION = YES;
				CLANG_WARN_INFINITE_RECURSION = YES;
				CLANG_WARN_INT_CONVERSION = YES;
				CLANG_WARN_NON_LITERAL_NULL_CONVERSION = YES;
				CLANG_WARN_OBJC_IMPLICIT_RETAIN_SELF = YES;
				CLANG_WARN_OBJC_LITERAL_CONVERSION = YES;
				CLANG_WARN_OBJC_ROOT_CLASS = YES_ERROR;
				CLANG_WARN_QUOTED_INCLUDE_IN_FRAMEWORK_HEADER = YES;
				CLANG_WARN_RANGE_LOOP_ANALYSIS = YES;
				CLANG_WARN_STRICT_PROTOTYPES = YES;
				CLANG_WARN_SUSPICIOUS_MOVE = YES;
				CLANG_WARN_UNGUARDED_AVAILABILITY = YES_AGGRESSIVE;
				CLANG_WARN_UNREACHABLE_CODE = YES;
				CLANG_WARN__DUPLICATE_METHOD_MATCH = YES;
				COPY_PHASE_STRIP = NO;
				DEBUG_INFORMATION_FORMAT = dwarf;
				ENABLE_STRICT_OBJC_MSGSEND = YES;
				ENABLE_TESTABILITY = YES;
				GCC_C_LANGUAGE_STANDARD = gnu11;
				GCC_DYNAMIC_NO_PIC = NO;
				GCC_NO_COMMON_BLOCKS = YES;
				GCC_OPTIMIZATION_LEVEL = 0;
				GCC_PREPROCESSOR_DEFINITIONS = (
					"DEBUG=1",
					"$(inherited)",
				);
				GCC_WARN_64_TO_32_BIT_CONVERSION = YES;
				GCC_WARN_ABOUT_RETURN_TYPE = YES_ERROR;
				GCC_WARN_UNDECLARED_SELECTOR = YES;
				GCC_WARN_UNINITIALIZED_AUTOS = YES_AGGRESSIVE;
				GCC_WARN_UNUSED_FUNCTION = YES;
				GCC_WARN_UNUSED_VARIABLE = YES;
				IPHONEOS_DEPLOYMENT_TARGET = 14.5;
				MTL_ENABLE_DEBUG_INFO = INCLUDE_SOURCE;
				MTL_FAST_MATH = YES;
				ONLY_ACTIVE_ARCH = YES;
				SDKROOT = iphoneos;
				SWIFT_ACTIVE_COMPILATION_CONDITIONS = DEBUG;
				SWIFT_OPTIMIZATION_LEVEL = "-Onone";
			};
			name = Debug;
		};
		77998C0829BD760D000018A3 /* Release */ = {
			isa = XCBuildConfiguration;
			buildSettings = {
				ALWAYS_SEARCH_USER_PATHS = NO;
				CLANG_ANALYZER_NONNULL = YES;
				CLANG_ANALYZER_NUMBER_OBJECT_CONVERSION = YES_AGGRESSIVE;
				CLANG_CXX_LANGUAGE_STANDARD = "gnu++14";
				CLANG_CXX_LIBRARY = "libc++";
				CLANG_ENABLE_MODULES = YES;
				CLANG_ENABLE_OBJC_ARC = YES;
				CLANG_ENABLE_OBJC_WEAK = YES;
				CLANG_WARN_BLOCK_CAPTURE_AUTORELEASING = YES;
				CLANG_WARN_BOOL_CONVERSION = YES;
				CLANG_WARN_COMMA = YES;
				CLANG_WARN_CONSTANT_CONVERSION = YES;
				CLANG_WARN_DEPRECATED_OBJC_IMPLEMENTATIONS = YES;
				CLANG_WARN_DIRECT_OBJC_ISA_USAGE = YES_ERROR;
				CLANG_WARN_DOCUMENTATION_COMMENTS = YES;
				CLANG_WARN_EMPTY_BODY = YES;
				CLANG_WARN_ENUM_CONVERSION = YES;
				CLANG_WARN_INFINITE_RECURSION = YES;
				CLANG_WARN_INT_CONVERSION = YES;
				CLANG_WARN_NON_LITERAL_NULL_CONVERSION = YES;
				CLANG_WARN_OBJC_IMPLICIT_RETAIN_SELF = YES;
				CLANG_WARN_OBJC_LITERAL_CONVERSION = YES;
				CLANG_WARN_OBJC_ROOT_CLASS = YES_ERROR;
				CLANG_WARN_QUOTED_INCLUDE_IN_FRAMEWORK_HEADER = YES;
				CLANG_WARN_RANGE_LOOP_ANALYSIS = YES;
				CLANG_WARN_STRICT_PROTOTYPES = YES;
				CLANG_WARN_SUSPICIOUS_MOVE = YES;
				CLANG_WARN_UNGUARDED_AVAILABILITY = YES_AGGRESSIVE;
				CLANG_WARN_UNREACHABLE_CODE = YES;
				CLANG_WARN__DUPLICATE_METHOD_MATCH = YES;
				COPY_PHASE_STRIP = NO;
				DEBUG_INFORMATION_FORMAT = "dwarf-with-dsym";
				ENABLE_NS_ASSERTIONS = NO;
				ENABLE_STRICT_OBJC_MSGSEND = YES;
				GCC_C_LANGUAGE_STANDARD = gnu11;
				GCC_NO_COMMON_BLOCKS = YES;
				GCC_WARN_64_TO_32_BIT_CONVERSION = YES;
				GCC_WARN_ABOUT_RETURN_TYPE = YES_ERROR;
				GCC_WARN_UNDECLARED_SELECTOR = YES;
				GCC_WARN_UNINITIALIZED_AUTOS = YES_AGGRESSIVE;
				GCC_WARN_UNUSED_FUNCTION = YES;
				GCC_WARN_UNUSED_VARIABLE = YES;
				IPHONEOS_DEPLOYMENT_TARGET = 14.5;
				MTL_ENABLE_DEBUG_INFO = NO;
				MTL_FAST_MATH = YES;
				SDKROOT = iphoneos;
				SWIFT_COMPILATION_MODE = wholemodule;
				SWIFT_OPTIMIZATION_LEVEL = "-O";
				VALIDATE_PRODUCT = YES;
			};
			name = Release;
		};
		77998C0A29BD760D000018A3 /* Debug */ = {
			isa = XCBuildConfiguration;
			baseConfigurationReference = 95E3A7FEA7A1A1071F3FCB8D /* Pods-ProjectCocoapodsZero.debug.xcconfig */;
			buildSettings = {
				ASSETCATALOG_COMPILER_APPICON_NAME = AppIcon;
				ASSETCATALOG_COMPILER_GLOBAL_ACCENT_COLOR_NAME = AccentColor;
				CODE_SIGN_STYLE = Automatic;
				INFOPLIST_FILE = ProjectCocoapodsZero/Info.plist;
				LD_RUNPATH_SEARCH_PATHS = (
					"$(inherited)",
					"@executable_path/Frameworks",
				);
				PRODUCT_BUNDLE_IDENTIFIER = Aninha.ProjectCocoapodsZero;
				PRODUCT_NAME = "$(TARGET_NAME)";
				SWIFT_VERSION = 5.0;
				TARGETED_DEVICE_FAMILY = "1,2";
			};
			name = Debug;
		};
		77998C0B29BD760D000018A3 /* Release */ = {
			isa = XCBuildConfiguration;
			baseConfigurationReference = 3F63C01E4849F86B49489A58 /* Pods-ProjectCocoapodsZero.release.xcconfig */;
			buildSettings = {
				ASSETCATALOG_COMPILER_APPICON_NAME = AppIcon;
				ASSETCATALOG_COMPILER_GLOBAL_ACCENT_COLOR_NAME = AccentColor;
				CODE_SIGN_STYLE = Automatic;
				INFOPLIST_FILE = ProjectCocoapodsZero/Info.plist;
				LD_RUNPATH_SEARCH_PATHS = (
					"$(inherited)",
					"@executable_path/Frameworks",
				);
				PRODUCT_BUNDLE_IDENTIFIER = Aninha.ProjectCocoapodsZero;
				PRODUCT_NAME = "$(TARGET_NAME)";
				SWIFT_VERSION = 5.0;
				TARGETED_DEVICE_FAMILY = "1,2";
			};
			name = Release;
		};
/* End XCBuildConfiguration section */

/* Begin XCConfigurationList section */
		77998BF029BD760C000018A3 /* Build configuration list for PBXProject "ProjectCocoapodsZero" */ = {
			isa = XCConfigurationList;
			buildConfigurations = (
				77998C0729BD760D000018A3 /* Debug */,
				77998C0829BD760D000018A3 /* Release */,
			);
			defaultConfigurationIsVisible = 0;
			defaultConfigurationName = Release;
		};
		77998C0929BD760D000018A3 /* Build configuration list for PBXNativeTarget "ProjectCocoapodsZero" */ = {
			isa = XCConfigurationList;
			buildConfigurations = (
				77998C0A29BD760D000018A3 /* Debug */,
				77998C0B29BD760D000018A3 /* Release */,
			);
			defaultConfigurationIsVisible = 0;
			defaultConfigurationName = Release;
		};
/* End XCConfigurationList section */
	};
	rootObject = 77998BED29BD760C000018A3 /* Project object */;
}
